
Microsoft Visual Studio Solution File, Format Version 11.00
# Visual Studio 2010
Project("{E24C65DC-7377-472B-9ABA-BC803B73C61A}") = "ComicWebsite-ScrapedComics", ".", "{8939899B-0407-48AD-8B3B-B54521C658DF}"
	ProjectSection(WebsiteProperties) = preProject
		TargetFrameworkMoniker = ".NETFramework,Version%3Dv4.0"
		Debug.AspNetCompiler.VirtualPath = "/ComicWebsite-ScrapedComics"
		Debug.AspNetCompiler.PhysicalPath = "..\..\ProofOfConceptASP.Net\ComicWebsite-ScrapedComics\"
		Debug.AspNetCompiler.TargetPath = "PrecompiledWeb\ComicWebsite-ScrapedComics\"
		Debug.AspNetCompiler.Updateable = "true"
		Debug.AspNetCompiler.ForceOverwrite = "true"
		Debug.AspNetCompiler.FixedNames = "false"
		Debug.AspNetCompiler.Debug = "True"
		Release.AspNetCompiler.VirtualPath = "/ComicWebsite-ScrapedComics"
		Release.AspNetCompiler.PhysicalPath = "..\..\ProofOfConceptASP.Net\ComicWebsite-ScrapedComics\"
		Release.AspNetCompiler.TargetPath = "PrecompiledWeb\ComicWebsite-ScrapedComics\"
		Release.AspNetCompiler.Updateable = "true"
		Release.AspNetCompiler.ForceOverwrite = "true"
		Release.AspNetCompiler.FixedNames = "false"
		Release.AspNetCompiler.Debug = "False"
		VWDPort = "59039"
	EndProjectSection
EndProject
Global
	GlobalSection(SolutionConfigurationPlatforms) = preSolution
		Debug|Any CPU = Debug|Any CPU
	EndGlobalSection
	GlobalSection(ProjectConfigurationPlatforms) = postSolution
		{8939899B-0407-48AD-8B3B-B54521C658DF}.Debug|Any CPU.ActiveCfg = Debug|Any CPU
		{8939899B-0407-48AD-8B3B-B54521C658DF}.Debug|Any CPU.Build.0 = Debug|Any CPU
	EndGlobalSection
	GlobalSection(SolutionProperties) = preSolution
		HideSolutionNode = FALSE
	EndGlobalSection
EndGlobal
